
Microsoft Visual Studio Solution File, Format Version 12.00
# Visual Studio Version 17
VisualStudioVersion = 17.5.002.0
MinimumVisualStudioVersion = 10.0.40219.1
Project("{9A19103F-16F7-4668-BE54-9A1E7A4F7556}") = "facustore", "facustore.csproj", "{DB761151-5513-46CA-8988-91F50975F462}"
EndProject
Global
	GlobalSection(SolutionConfigurationPlatforms) = preSolution
		Debug|Any CPU = Debug|Any CPU
		Release|Any CPU = Release|Any CPU
	EndGlobalSection
	GlobalSection(ProjectConfigurationPlatforms) = postSolution
		{DB761151-5513-46CA-8988-91F50975F462}.Debug|Any CPU.ActiveCfg = Debug|Any CPU
		{DB761151-5513-46CA-8988-91F50975F462}.Debug|Any CPU.Build.0 = Debug|Any CPU
		{DB761151-5513-46CA-8988-91F50975F462}.Release|Any CPU.ActiveCfg = Release|Any CPU
		{DB761151-5513-46CA-8988-91F50975F462}.Release|Any CPU.Build.0 = Release|Any CPU
	EndGlobalSection
	GlobalSection(SolutionProperties) = preSolution
		HideSolutionNode = FALSE
	EndGlobalSection
	GlobalSection(ExtensibilityGlobals) = postSolution
		SolutionGuid = {D2CEBA6D-4C2D-4BEB-8080-3AA69C2D1351}
	EndGlobalSection
EndGlobal
